
Microsoft Visual Studio Solution File, Format Version 12.00
# Visual Studio Version 17
VisualStudioVersion = 17.11.35312.102
MinimumVisualStudioVersion = 10.0.40219.1
Project("{FAE04EC0-301F-11D3-BF4B-00C04F79EFBC}") = "CustomApp", "CustomApp.csproj", "{1A52D1AD-463A-43F7-BF4F-0EA23B191710}"
EndProject
Global
	GlobalSection(SolutionConfigurationPlatforms) = preSolution
		Debug|Any CPU = Debug|Any CPU
		Release|Any CPU = Release|Any CPU
	EndGlobalSection
	GlobalSection(ProjectConfigurationPlatforms) = postSolution
		{1A52D1AD-463A-43F7-BF4F-0EA23B191710}.Debug|Any CPU.ActiveCfg = Debug|Any CPU
		{1A52D1AD-463A-43F7-BF4F-0EA23B191710}.Debug|Any CPU.Build.0 = Debug|Any CPU
		{1A52D1AD-463A-43F7-BF4F-0EA23B191710}.Debug|Any CPU.Deploy.0 = Debug|Any CPU
		{1A52D1AD-463A-43F7-BF4F-0EA23B191710}.Release|Any CPU.ActiveCfg = Release|Any CPU
		{1A52D1AD-463A-43F7-BF4F-0EA23B191710}.Release|Any CPU.Build.0 = Release|Any CPU
		{1A52D1AD-463A-43F7-BF4F-0EA23B191710}.Release|Any CPU.Deploy.0 = Release|Any CPU
	EndGlobalSection
	GlobalSection(SolutionProperties) = preSolution
		HideSolutionNode = FALSE
	EndGlobalSection
	GlobalSection(ExtensibilityGlobals) = postSolution
		SolutionGuid = {0619C9DC-22D7-4E62-B175-D6326A88B4A5}
	EndGlobalSection
EndGlobal
